
Microsoft Visual Studio Solution File, Format Version 12.00
# Visual Studio Version 17
VisualStudioVersion = 17.4.33122.133
MinimumVisualStudioVersion = 10.0.40219.1
Project("{FAE04EC0-301F-11D3-BF4B-00C04F79EFBC}") = "TestProject", "DVI_Monitor\TestProject.csproj", "{2F88DE0C-7B24-431B-8260-2D39B053572C}"
EndProject
Global
	GlobalSection(SolutionConfigurationPlatforms) = preSolution
		Debug|Any CPU = Debug|Any CPU
		Release|Any CPU = Release|Any CPU
	EndGlobalSection
	GlobalSection(ProjectConfigurationPlatforms) = postSolution
		{2F88DE0C-7B24-431B-8260-2D39B053572C}.Debug|Any CPU.ActiveCfg = Debug|Any CPU
		{2F88DE0C-7B24-431B-8260-2D39B053572C}.Debug|Any CPU.Build.0 = Debug|Any CPU
		{2F88DE0C-7B24-431B-8260-2D39B053572C}.Release|Any CPU.ActiveCfg = Release|Any CPU
		{2F88DE0C-7B24-431B-8260-2D39B053572C}.Release|Any CPU.Build.0 = Release|Any CPU
	EndGlobalSection
	GlobalSection(SolutionProperties) = preSolution
		HideSolutionNode = FALSE
	EndGlobalSection
	GlobalSection(ExtensibilityGlobals) = postSolution
		SolutionGuid = {8E7009AD-C9AC-4BEE-9FFE-3E3EFD049762}
	EndGlobalSection
EndGlobal
